
Microsoft Visual Studio Solution File, Format Version 12.00
# Visual Studio 15
Project("{FAE04EC0-301F-11D3-BF4B-00C04F79EFBC}") = "twitter.Android", "twitter.Android\twitter.Android.csproj", "{6502BB39-95CF-4021-AD0D-F4DD262EE18C}"
EndProject
Project("{FAE04EC0-301F-11D3-BF4B-00C04F79EFBC}") = "twitter.iOS", "twitter.iOS\twitter.iOS.csproj", "{B5E66B9F-30B8-4AE4-9BB1-F26B66462503}"
EndProject
Project("{FAE04EC0-301F-11D3-BF4B-00C04F79EFBC}") = "twitter", "twitter\twitter.csproj", "{2C0F7187-D92E-4D0E-AE91-38F9E78849C7}"
EndProject
Global
	GlobalSection(SolutionConfigurationPlatforms) = preSolution
		Debug|Any CPU = Debug|Any CPU
		Release|Any CPU = Release|Any CPU
		Debug|iPhoneSimulator = Debug|iPhoneSimulator
		Release|iPhoneSimulator = Release|iPhoneSimulator
		Debug|iPhone = Debug|iPhone
		Release|iPhone = Release|iPhone
	EndGlobalSection
	GlobalSection(ProjectConfigurationPlatforms) = postSolution
		{6502BB39-95CF-4021-AD0D-F4DD262EE18C}.Debug|Any CPU.ActiveCfg = Debug|Any CPU
		{6502BB39-95CF-4021-AD0D-F4DD262EE18C}.Debug|Any CPU.Build.0 = Debug|Any CPU
		{6502BB39-95CF-4021-AD0D-F4DD262EE18C}.Release|Any CPU.ActiveCfg = Release|Any CPU
		{6502BB39-95CF-4021-AD0D-F4DD262EE18C}.Release|Any CPU.Build.0 = Release|Any CPU
		{6502BB39-95CF-4021-AD0D-F4DD262EE18C}.Debug|iPhoneSimulator.ActiveCfg = Debug|Any CPU
		{6502BB39-95CF-4021-AD0D-F4DD262EE18C}.Debug|iPhoneSimulator.Build.0 = Debug|Any CPU
		{6502BB39-95CF-4021-AD0D-F4DD262EE18C}.Release|iPhoneSimulator.ActiveCfg = Release|Any CPU
		{6502BB39-95CF-4021-AD0D-F4DD262EE18C}.Release|iPhoneSimulator.Build.0 = Release|Any CPU
		{6502BB39-95CF-4021-AD0D-F4DD262EE18C}.Debug|iPhone.ActiveCfg = Debug|Any CPU
		{6502BB39-95CF-4021-AD0D-F4DD262EE18C}.Debug|iPhone.Build.0 = Debug|Any CPU
		{6502BB39-95CF-4021-AD0D-F4DD262EE18C}.Release|iPhone.ActiveCfg = Release|Any CPU
		{6502BB39-95CF-4021-AD0D-F4DD262EE18C}.Release|iPhone.Build.0 = Release|Any CPU
		{B5E66B9F-30B8-4AE4-9BB1-F26B66462503}.Debug|Any CPU.ActiveCfg = Debug|iPhoneSimulator
		{B5E66B9F-30B8-4AE4-9BB1-F26B66462503}.Debug|Any CPU.Build.0 = Debug|iPhoneSimulator
		{B5E66B9F-30B8-4AE4-9BB1-F26B66462503}.Release|Any CPU.ActiveCfg = Release|iPhoneSimulator
		{B5E66B9F-30B8-4AE4-9BB1-F26B66462503}.Release|Any CPU.Build.0 = Release|iPhoneSimulator
		{B5E66B9F-30B8-4AE4-9BB1-F26B66462503}.Debug|iPhoneSimulator.ActiveCfg = Debug|iPhoneSimulator
		{B5E66B9F-30B8-4AE4-9BB1-F26B66462503}.Debug|iPhoneSimulator.Build.0 = Debug|iPhoneSimulator
		{B5E66B9F-30B8-4AE4-9BB1-F26B66462503}.Release|iPhoneSimulator.ActiveCfg = Release|iPhoneSimulator
		{B5E66B9F-30B8-4AE4-9BB1-F26B66462503}.Release|iPhoneSimulator.Build.0 = Release|iPhoneSimulator
		{B5E66B9F-30B8-4AE4-9BB1-F26B66462503}.Debug|iPhone.ActiveCfg = Debug|iPhone
		{B5E66B9F-30B8-4AE4-9BB1-F26B66462503}.Debug|iPhone.Build.0 = Debug|iPhone
		{B5E66B9F-30B8-4AE4-9BB1-F26B66462503}.Release|iPhone.ActiveCfg = Release|iPhone
		{B5E66B9F-30B8-4AE4-9BB1-F26B66462503}.Release|iPhone.Build.0 = Release|iPhone
		{2C0F7187-D92E-4D0E-AE91-38F9E78849C7}.Debug|Any CPU.ActiveCfg = Debug|Any CPU
		{2C0F7187-D92E-4D0E-AE91-38F9E78849C7}.Debug|Any CPU.Build.0 = Debug|Any CPU
		{2C0F7187-D92E-4D0E-AE91-38F9E78849C7}.Release|Any CPU.ActiveCfg = Release|Any CPU
		{2C0F7187-D92E-4D0E-AE91-38F9E78849C7}.Release|Any CPU.Build.0 = Release|Any CPU
		{2C0F7187-D92E-4D0E-AE91-38F9E78849C7}.Debug|iPhoneSimulator.ActiveCfg = Debug|Any CPU
		{2C0F7187-D92E-4D0E-AE91-38F9E78849C7}.Debug|iPhoneSimulator.Build.0 = Debug|Any CPU
		{2C0F7187-D92E-4D0E-AE91-38F9E78849C7}.Release|iPhoneSimulator.ActiveCfg = Release|Any CPU
		{2C0F7187-D92E-4D0E-AE91-38F9E78849C7}.Release|iPhoneSimulator.Build.0 = Release|Any CPU
		{2C0F7187-D92E-4D0E-AE91-38F9E78849C7}.Debug|iPhone.ActiveCfg = Debug|Any CPU
		{2C0F7187-D92E-4D0E-AE91-38F9E78849C7}.Debug|iPhone.Build.0 = Debug|Any CPU
		{2C0F7187-D92E-4D0E-AE91-38F9E78849C7}.Release|iPhone.ActiveCfg = Release|Any CPU
		{2C0F7187-D92E-4D0E-AE91-38F9E78849C7}.Release|iPhone.Build.0 = Release|Any CPU
	EndGlobalSection
EndGlobal
